{
    "_meta": {
        "hash": {
            "sha256": "d904711d445640dca0146b01e19db321cef6adb713ed46d2f1d0b93ddc4f7b98"
        },
        "pipfile-spec": 6,
        "requires": {
            "python_version": "3.8"
        },
        "sources": [
            {
                "name": "pypi",
                "url": "https://pypi.python.org/simple",
                "verify_ssl": true
            }
        ]
    },
    "default": {
        "scapy-python3": {
            "hashes": [
                "sha256:81e4f5522d38c136fd3f1be4e35ffe4fd1f4c2091db3c021d95f8b9d5978b9eb"
            ],
            "index": "pypi",
            "version": "==0.26"
        },
        "xmltodict": {
            "hashes": [
                "sha256:50d8c638ed7ecb88d90561beedbf720c9b4e851a9fa6c47ebd64e99d166d8a21",
                "sha256:8bbcb45cc982f48b2ca8fe7e7827c5d792f217ecf1792626f808bf41c3b86051"
            ],
            "index": "pypi",
            "version": "==0.12.0"
        }
    },
    "develop": {}
}
